
Microsoft Visual Studio Solution File, Format Version 12.00
# Visual Studio Version 17
VisualStudioVersion = 17.2.32505.173
MinimumVisualStudioVersion = 10.0.40219.1
Project("{9A19103F-16F7-4668-BE54-9A1E7A4F7556}") = "NetSamples.Variables", "NetSamples.Variables\NetSamples.Variables.csproj", "{6C2CEF8B-0235-43D0-B691-B17C18A7B390}"
EndProject
Project("{9A19103F-16F7-4668-BE54-9A1E7A4F7556}") = "NetSamples.Types", "NetSamples.Types\NetSamples.Types.csproj", "{B18EF8C2-2829-4D23-AAA0-164BFFBFFA80}"
EndProject
Project("{9A19103F-16F7-4668-BE54-9A1E7A4F7556}") = "NetSamples.MathOperations", "NetSamples.MathOperations\NetSamples.MathOperations.csproj", "{EC91A736-C2DD-4D53-A7F9-AFB14CA47BB7}"
EndProject
Project("{9A19103F-16F7-4668-BE54-9A1E7A4F7556}") = "NetSamples.LogicalOperation", "NetSamples.LogicalOperation\NetSamples.LogicalOperation.csproj", "{D6B3ACF5-E089-4147-BA01-CCC0CCE94CAC}"
EndProject
Project("{9A19103F-16F7-4668-BE54-9A1E7A4F7556}") = "NetSamples.VariablesAssignment", "NetSamples.VariablesAssignment\NetSamples.VariablesAssignment.csproj", "{33993A38-76C3-4F7D-9F4D-3239E8BC5332}"
EndProject
Project("{9A19103F-16F7-4668-BE54-9A1E7A4F7556}") = "NetSamples.ConditionalOperations", "NetSamples.CondionalOperations\NetSamples.ConditionalOperations.csproj", "{CC4002BD-21E9-46AE-9765-09BB4CC65F4F}"
EndProject
Project("{9A19103F-16F7-4668-BE54-9A1E7A4F7556}") = "NetSamples.BaseTypeConversion", "NetSamples.BaseTypeConversion\NetSamples.BaseTypeConversion.csproj", "{2B05A7DE-2711-4425-AEFF-97EBA7B3E284}"
EndProject
Project("{9A19103F-16F7-4668-BE54-9A1E7A4F7556}") = "NetSamples.ConsoleInputOutput", "NetSamples.ConsoleInputOutput\NetSamples.ConsoleInputOutput.csproj", "{63CD55A0-2075-4235-A630-FB24696C65DC}"
EndProject
Project("{9A19103F-16F7-4668-BE54-9A1E7A4F7556}") = "NetSamples.IfElseSample", "NetSamples.IfElseSample\NetSamples.IfElseSample.csproj", "{2A7321CA-3C59-4C95-B4A4-1318561260FE}"
EndProject
Project("{9A19103F-16F7-4668-BE54-9A1E7A4F7556}") = "NetSamples.Switch", "NetSamples.Switch\NetSamples.Switch.csproj", "{D77973D7-D72B-47EE-B2B7-701F0523C53D}"
EndProject
Project("{9A19103F-16F7-4668-BE54-9A1E7A4F7556}") = "NetSamples.Loops", "NetSamples.Loops\NetSamples.Loops.csproj", "{A1B69083-EDF7-48DE-866D-C6D2136BD79F}"
EndProject
Project("{9A19103F-16F7-4668-BE54-9A1E7A4F7556}") = "NetSamples.Methods", "NetSamples.Methods\NetSamples.Methods.csproj", "{C1CA77C2-6BA1-42DF-8179-99B4F8C7F112}"
EndProject
Project("{9A19103F-16F7-4668-BE54-9A1E7A4F7556}") = "NetSamples.MethodParameters", "NetSamples.MethodParameters\NetSamples.MethodParameters.csproj", "{4800A5F9-D16C-4ADF-9385-FA8E4C438552}"
EndProject
Project("{9A19103F-16F7-4668-BE54-9A1E7A4F7556}") = "NetSamples.ConsoleMenuSample", "NetSamples.ConsoleMenuSample\NetSamples.ConsoleMenuSample.csproj", "{2B56171E-8E3B-4F6C-90F6-D314C3CA3FD2}"
EndProject
Project("{9A19103F-16F7-4668-BE54-9A1E7A4F7556}") = "NetSamples.Arrays", "NetSamples.Arrays\NetSamples.Arrays.csproj", "{C7C95824-6880-4CEA-8FD8-3EE752C57318}"
EndProject
Project("{9A19103F-16F7-4668-BE54-9A1E7A4F7556}") = "NetSamples.Foreach", "NetSamples.Foreach\NetSamples.Foreach.csproj", "{F7DC7CAA-B061-4048-AB28-E5BFCDB95CD7}"
EndProject
Project("{9A19103F-16F7-4668-BE54-9A1E7A4F7556}") = "NetSamples.ArrayOfArrays", "NetSamples.ArrayOfArrays\NetSamples.ArrayOfArrays.csproj", "{555515B2-3172-4139-A7BA-A19AC3A1A915}"
EndProject
Project("{9A19103F-16F7-4668-BE54-9A1E7A4F7556}") = "NetSamples.MethodsReturningArray", "NetSamples.MethodsReturningArray\NetSamples.MethodsReturningArray.csproj", "{1C458331-2D6D-4252-BCAE-D2991AD714E8}"
EndProject
Project("{9A19103F-16F7-4668-BE54-9A1E7A4F7556}") = "NetSamples.Classes", "NetSamples.Classes\NetSamples.Classes.csproj", "{53C594CE-FC7B-4A7F-8DE3-79EBABBBF1C5}"
EndProject
Project("{9A19103F-16F7-4668-BE54-9A1E7A4F7556}") = "NetSamples.NewLines", "NetSamples.NewLines\NetSamples.NewLines.csproj", "{ACADA41A-48A8-4343-B5E8-21FC337139DE}"
EndProject
Project("{9A19103F-16F7-4668-BE54-9A1E7A4F7556}") = "NetSample.Inheritance", "NetSample.Inheritance\NetSample.Inheritance.csproj", "{395F32F0-691D-4137-90DA-62C04E79AB2D}"
EndProject
Project("{9A19103F-16F7-4668-BE54-9A1E7A4F7556}") = "NetSamples.OOP", "NetSamples.Virtual\NetSamples.OOP.csproj", "{3460D893-C6ED-47F2-931B-C5E374E0251A}"
EndProject
Project("{9A19103F-16F7-4668-BE54-9A1E7A4F7556}") = "NetSamples.ObjectTypeSample", "NetSamples.ObjectTypeSample\NetSamples.ObjectTypeSample.csproj", "{67CF0008-5769-4AF4-A1AD-096BF810EF84}"
EndProject
Project("{9A19103F-16F7-4668-BE54-9A1E7A4F7556}") = "NetSamples.Interfaces", "NetSamples.Interfaces\NetSamples.Interfaces.csproj", "{94E912C4-E98A-4ADA-A880-021471D2C708}"
EndProject
Project("{9A19103F-16F7-4668-BE54-9A1E7A4F7556}") = "NetSamples.Struct", "NetSamples.Struct\NetSamples.Struct.csproj", "{FF8F9494-D64D-4CE3-9764-34A7725E48E1}"
EndProject
Project("{9A19103F-16F7-4668-BE54-9A1E7A4F7556}") = "NetSamples.Enums", "NetSamples.Enums\NetSamples.Enums.csproj", "{F2DEF41E-24F8-4CEE-9A14-808791296117}"
EndProject
Project("{9A19103F-16F7-4668-BE54-9A1E7A4F7556}") = "NetSamples.Generics", "NetSamples.Generics\NetSamples.Generics.csproj", "{A1D12A89-9925-4692-BF37-D9757698B475}"
EndProject
Project("{9A19103F-16F7-4668-BE54-9A1E7A4F7556}") = "NetSamples.Collections", "NetSamples.Collections\NetSamples.Collections.csproj", "{BB043E01-59F8-4320-B1F5-E0BBF9C8CB21}"
EndProject
Project("{9A19103F-16F7-4668-BE54-9A1E7A4F7556}") = "NetSamples.Exceptions", "NetSamples.Exceptions\NetSamples.Exceptions.csproj", "{C5789525-2B5C-4428-B537-95855769185E}"
EndProject
Project("{FAE04EC0-301F-11D3-BF4B-00C04F79EFBC}") = "NetSamples.Strings", "NetSamples.Strings\NetSamples.Strings.csproj", "{D11A5174-DFB6-4546-858D-85C9DF42EB45}"
EndProject
Global
	GlobalSection(SolutionConfigurationPlatforms) = preSolution
		Debug|Any CPU = Debug|Any CPU
		Release|Any CPU = Release|Any CPU
	EndGlobalSection
	GlobalSection(ProjectConfigurationPlatforms) = postSolution
		{6C2CEF8B-0235-43D0-B691-B17C18A7B390}.Debug|Any CPU.ActiveCfg = Debug|Any CPU
		{6C2CEF8B-0235-43D0-B691-B17C18A7B390}.Debug|Any CPU.Build.0 = Debug|Any CPU
		{6C2CEF8B-0235-43D0-B691-B17C18A7B390}.Release|Any CPU.ActiveCfg = Release|Any CPU
		{6C2CEF8B-0235-43D0-B691-B17C18A7B390}.Release|Any CPU.Build.0 = Release|Any CPU
		{B18EF8C2-2829-4D23-AAA0-164BFFBFFA80}.Debug|Any CPU.ActiveCfg = Debug|Any CPU
		{B18EF8C2-2829-4D23-AAA0-164BFFBFFA80}.Debug|Any CPU.Build.0 = Debug|Any CPU
		{B18EF8C2-2829-4D23-AAA0-164BFFBFFA80}.Release|Any CPU.ActiveCfg = Release|Any CPU
		{B18EF8C2-2829-4D23-AAA0-164BFFBFFA80}.Release|Any CPU.Build.0 = Release|Any CPU
		{EC91A736-C2DD-4D53-A7F9-AFB14CA47BB7}.Debug|Any CPU.ActiveCfg = Debug|Any CPU
		{EC91A736-C2DD-4D53-A7F9-AFB14CA47BB7}.Debug|Any CPU.Build.0 = Debug|Any CPU
		{EC91A736-C2DD-4D53-A7F9-AFB14CA47BB7}.Release|Any CPU.ActiveCfg = Release|Any CPU
		{EC91A736-C2DD-4D53-A7F9-AFB14CA47BB7}.Release|Any CPU.Build.0 = Release|Any CPU
		{D6B3ACF5-E089-4147-BA01-CCC0CCE94CAC}.Debug|Any CPU.ActiveCfg = Debug|Any CPU
		{D6B3ACF5-E089-4147-BA01-CCC0CCE94CAC}.Debug|Any CPU.Build.0 = Debug|Any CPU
		{D6B3ACF5-E089-4147-BA01-CCC0CCE94CAC}.Release|Any CPU.ActiveCfg = Release|Any CPU
		{D6B3ACF5-E089-4147-BA01-CCC0CCE94CAC}.Release|Any CPU.Build.0 = Release|Any CPU
		{33993A38-76C3-4F7D-9F4D-3239E8BC5332}.Debug|Any CPU.ActiveCfg = Debug|Any CPU
		{33993A38-76C3-4F7D-9F4D-3239E8BC5332}.Debug|Any CPU.Build.0 = Debug|Any CPU
		{33993A38-76C3-4F7D-9F4D-3239E8BC5332}.Release|Any CPU.ActiveCfg = Release|Any CPU
		{33993A38-76C3-4F7D-9F4D-3239E8BC5332}.Release|Any CPU.Build.0 = Release|Any CPU
		{CC4002BD-21E9-46AE-9765-09BB4CC65F4F}.Debug|Any CPU.ActiveCfg = Debug|Any CPU
		{CC4002BD-21E9-46AE-9765-09BB4CC65F4F}.Debug|Any CPU.Build.0 = Debug|Any CPU
		{CC4002BD-21E9-46AE-9765-09BB4CC65F4F}.Release|Any CPU.ActiveCfg = Release|Any CPU
		{CC4002BD-21E9-46AE-9765-09BB4CC65F4F}.Release|Any CPU.Build.0 = Release|Any CPU
		{2B05A7DE-2711-4425-AEFF-97EBA7B3E284}.Debug|Any CPU.ActiveCfg = Debug|Any CPU
		{2B05A7DE-2711-4425-AEFF-97EBA7B3E284}.Debug|Any CPU.Build.0 = Debug|Any CPU
		{2B05A7DE-2711-4425-AEFF-97EBA7B3E284}.Release|Any CPU.ActiveCfg = Release|Any CPU
		{2B05A7DE-2711-4425-AEFF-97EBA7B3E284}.Release|Any CPU.Build.0 = Release|Any CPU
		{63CD55A0-2075-4235-A630-FB24696C65DC}.Debug|Any CPU.ActiveCfg = Debug|Any CPU
		{63CD55A0-2075-4235-A630-FB24696C65DC}.Debug|Any CPU.Build.0 = Debug|Any CPU
		{63CD55A0-2075-4235-A630-FB24696C65DC}.Release|Any CPU.ActiveCfg = Release|Any CPU
		{63CD55A0-2075-4235-A630-FB24696C65DC}.Release|Any CPU.Build.0 = Release|Any CPU
		{2A7321CA-3C59-4C95-B4A4-1318561260FE}.Debug|Any CPU.ActiveCfg = Debug|Any CPU
		{2A7321CA-3C59-4C95-B4A4-1318561260FE}.Debug|Any CPU.Build.0 = Debug|Any CPU
		{2A7321CA-3C59-4C95-B4A4-1318561260FE}.Release|Any CPU.ActiveCfg = Release|Any CPU
		{2A7321CA-3C59-4C95-B4A4-1318561260FE}.Release|Any CPU.Build.0 = Release|Any CPU
		{D77973D7-D72B-47EE-B2B7-701F0523C53D}.Debug|Any CPU.ActiveCfg = Debug|Any CPU
		{D77973D7-D72B-47EE-B2B7-701F0523C53D}.Debug|Any CPU.Build.0 = Debug|Any CPU
		{D77973D7-D72B-47EE-B2B7-701F0523C53D}.Release|Any CPU.ActiveCfg = Release|Any CPU
		{D77973D7-D72B-47EE-B2B7-701F0523C53D}.Release|Any CPU.Build.0 = Release|Any CPU
		{A1B69083-EDF7-48DE-866D-C6D2136BD79F}.Debug|Any CPU.ActiveCfg = Debug|Any CPU
		{A1B69083-EDF7-48DE-866D-C6D2136BD79F}.Debug|Any CPU.Build.0 = Debug|Any CPU
		{A1B69083-EDF7-48DE-866D-C6D2136BD79F}.Release|Any CPU.ActiveCfg = Release|Any CPU
		{A1B69083-EDF7-48DE-866D-C6D2136BD79F}.Release|Any CPU.Build.0 = Release|Any CPU
		{C1CA77C2-6BA1-42DF-8179-99B4F8C7F112}.Debug|Any CPU.ActiveCfg = Debug|Any CPU
		{C1CA77C2-6BA1-42DF-8179-99B4F8C7F112}.Debug|Any CPU.Build.0 = Debug|Any CPU
		{C1CA77C2-6BA1-42DF-8179-99B4F8C7F112}.Release|Any CPU.ActiveCfg = Release|Any CPU
		{C1CA77C2-6BA1-42DF-8179-99B4F8C7F112}.Release|Any CPU.Build.0 = Release|Any CPU
		{4800A5F9-D16C-4ADF-9385-FA8E4C438552}.Debug|Any CPU.ActiveCfg = Debug|Any CPU
		{4800A5F9-D16C-4ADF-9385-FA8E4C438552}.Debug|Any CPU.Build.0 = Debug|Any CPU
		{4800A5F9-D16C-4ADF-9385-FA8E4C438552}.Release|Any CPU.ActiveCfg = Release|Any CPU
		{4800A5F9-D16C-4ADF-9385-FA8E4C438552}.Release|Any CPU.Build.0 = Release|Any CPU
		{2B56171E-8E3B-4F6C-90F6-D314C3CA3FD2}.Debug|Any CPU.ActiveCfg = Debug|Any CPU
		{2B56171E-8E3B-4F6C-90F6-D314C3CA3FD2}.Debug|Any CPU.Build.0 = Debug|Any CPU
		{2B56171E-8E3B-4F6C-90F6-D314C3CA3FD2}.Release|Any CPU.ActiveCfg = Release|Any CPU
		{2B56171E-8E3B-4F6C-90F6-D314C3CA3FD2}.Release|Any CPU.Build.0 = Release|Any CPU
		{C7C95824-6880-4CEA-8FD8-3EE752C57318}.Debug|Any CPU.ActiveCfg = Debug|Any CPU
		{C7C95824-6880-4CEA-8FD8-3EE752C57318}.Debug|Any CPU.Build.0 = Debug|Any CPU
		{C7C95824-6880-4CEA-8FD8-3EE752C57318}.Release|Any CPU.ActiveCfg = Release|Any CPU
		{C7C95824-6880-4CEA-8FD8-3EE752C57318}.Release|Any CPU.Build.0 = Release|Any CPU
		{F7DC7CAA-B061-4048-AB28-E5BFCDB95CD7}.Debug|Any CPU.ActiveCfg = Debug|Any CPU
		{F7DC7CAA-B061-4048-AB28-E5BFCDB95CD7}.Debug|Any CPU.Build.0 = Debug|Any CPU
		{F7DC7CAA-B061-4048-AB28-E5BFCDB95CD7}.Release|Any CPU.ActiveCfg = Release|Any CPU
		{F7DC7CAA-B061-4048-AB28-E5BFCDB95CD7}.Release|Any CPU.Build.0 = Release|Any CPU
		{555515B2-3172-4139-A7BA-A19AC3A1A915}.Debug|Any CPU.ActiveCfg = Debug|Any CPU
		{555515B2-3172-4139-A7BA-A19AC3A1A915}.Debug|Any CPU.Build.0 = Debug|Any CPU
		{555515B2-3172-4139-A7BA-A19AC3A1A915}.Release|Any CPU.ActiveCfg = Release|Any CPU
		{555515B2-3172-4139-A7BA-A19AC3A1A915}.Release|Any CPU.Build.0 = Release|Any CPU
		{1C458331-2D6D-4252-BCAE-D2991AD714E8}.Debug|Any CPU.ActiveCfg = Debug|Any CPU
		{1C458331-2D6D-4252-BCAE-D2991AD714E8}.Debug|Any CPU.Build.0 = Debug|Any CPU
		{1C458331-2D6D-4252-BCAE-D2991AD714E8}.Release|Any CPU.ActiveCfg = Release|Any CPU
		{1C458331-2D6D-4252-BCAE-D2991AD714E8}.Release|Any CPU.Build.0 = Release|Any CPU
		{53C594CE-FC7B-4A7F-8DE3-79EBABBBF1C5}.Debug|Any CPU.ActiveCfg = Debug|Any CPU
		{53C594CE-FC7B-4A7F-8DE3-79EBABBBF1C5}.Debug|Any CPU.Build.0 = Debug|Any CPU
		{53C594CE-FC7B-4A7F-8DE3-79EBABBBF1C5}.Release|Any CPU.ActiveCfg = Release|Any CPU
		{53C594CE-FC7B-4A7F-8DE3-79EBABBBF1C5}.Release|Any CPU.Build.0 = Release|Any CPU
		{ACADA41A-48A8-4343-B5E8-21FC337139DE}.Debug|Any CPU.ActiveCfg = Debug|Any CPU
		{ACADA41A-48A8-4343-B5E8-21FC337139DE}.Debug|Any CPU.Build.0 = Debug|Any CPU
		{ACADA41A-48A8-4343-B5E8-21FC337139DE}.Release|Any CPU.ActiveCfg = Release|Any CPU
		{ACADA41A-48A8-4343-B5E8-21FC337139DE}.Release|Any CPU.Build.0 = Release|Any CPU
		{395F32F0-691D-4137-90DA-62C04E79AB2D}.Debug|Any CPU.ActiveCfg = Debug|Any CPU
		{395F32F0-691D-4137-90DA-62C04E79AB2D}.Debug|Any CPU.Build.0 = Debug|Any CPU
		{395F32F0-691D-4137-90DA-62C04E79AB2D}.Release|Any CPU.ActiveCfg = Release|Any CPU
		{395F32F0-691D-4137-90DA-62C04E79AB2D}.Release|Any CPU.Build.0 = Release|Any CPU
		{3460D893-C6ED-47F2-931B-C5E374E0251A}.Debug|Any CPU.ActiveCfg = Debug|Any CPU
		{3460D893-C6ED-47F2-931B-C5E374E0251A}.Debug|Any CPU.Build.0 = Debug|Any CPU
		{3460D893-C6ED-47F2-931B-C5E374E0251A}.Release|Any CPU.ActiveCfg = Release|Any CPU
		{3460D893-C6ED-47F2-931B-C5E374E0251A}.Release|Any CPU.Build.0 = Release|Any CPU
		{67CF0008-5769-4AF4-A1AD-096BF810EF84}.Debug|Any CPU.ActiveCfg = Debug|Any CPU
		{67CF0008-5769-4AF4-A1AD-096BF810EF84}.Debug|Any CPU.Build.0 = Debug|Any CPU
		{67CF0008-5769-4AF4-A1AD-096BF810EF84}.Release|Any CPU.ActiveCfg = Release|Any CPU
		{67CF0008-5769-4AF4-A1AD-096BF810EF84}.Release|Any CPU.Build.0 = Release|Any CPU
		{94E912C4-E98A-4ADA-A880-021471D2C708}.Debug|Any CPU.ActiveCfg = Debug|Any CPU
		{94E912C4-E98A-4ADA-A880-021471D2C708}.Debug|Any CPU.Build.0 = Debug|Any CPU
		{94E912C4-E98A-4ADA-A880-021471D2C708}.Release|Any CPU.ActiveCfg = Release|Any CPU
		{94E912C4-E98A-4ADA-A880-021471D2C708}.Release|Any CPU.Build.0 = Release|Any CPU
		{FF8F9494-D64D-4CE3-9764-34A7725E48E1}.Debug|Any CPU.ActiveCfg = Debug|Any CPU
		{FF8F9494-D64D-4CE3-9764-34A7725E48E1}.Debug|Any CPU.Build.0 = Debug|Any CPU
		{FF8F9494-D64D-4CE3-9764-34A7725E48E1}.Release|Any CPU.ActiveCfg = Release|Any CPU
		{FF8F9494-D64D-4CE3-9764-34A7725E48E1}.Release|Any CPU.Build.0 = Release|Any CPU
		{F2DEF41E-24F8-4CEE-9A14-808791296117}.Debug|Any CPU.ActiveCfg = Debug|Any CPU
		{F2DEF41E-24F8-4CEE-9A14-808791296117}.Debug|Any CPU.Build.0 = Debug|Any CPU
		{F2DEF41E-24F8-4CEE-9A14-808791296117}.Release|Any CPU.ActiveCfg = Release|Any CPU
		{F2DEF41E-24F8-4CEE-9A14-808791296117}.Release|Any CPU.Build.0 = Release|Any CPU
		{A1D12A89-9925-4692-BF37-D9757698B475}.Debug|Any CPU.ActiveCfg = Debug|Any CPU
		{A1D12A89-9925-4692-BF37-D9757698B475}.Debug|Any CPU.Build.0 = Debug|Any CPU
		{A1D12A89-9925-4692-BF37-D9757698B475}.Release|Any CPU.ActiveCfg = Release|Any CPU
		{A1D12A89-9925-4692-BF37-D9757698B475}.Release|Any CPU.Build.0 = Release|Any CPU
		{BB043E01-59F8-4320-B1F5-E0BBF9C8CB21}.Debug|Any CPU.ActiveCfg = Debug|Any CPU
		{BB043E01-59F8-4320-B1F5-E0BBF9C8CB21}.Debug|Any CPU.Build.0 = Debug|Any CPU
		{BB043E01-59F8-4320-B1F5-E0BBF9C8CB21}.Release|Any CPU.ActiveCfg = Release|Any CPU
		{BB043E01-59F8-4320-B1F5-E0BBF9C8CB21}.Release|Any CPU.Build.0 = Release|Any CPU
		{C5789525-2B5C-4428-B537-95855769185E}.Debug|Any CPU.ActiveCfg = Debug|Any CPU
		{C5789525-2B5C-4428-B537-95855769185E}.Debug|Any CPU.Build.0 = Debug|Any CPU
		{C5789525-2B5C-4428-B537-95855769185E}.Release|Any CPU.ActiveCfg = Release|Any CPU
		{C5789525-2B5C-4428-B537-95855769185E}.Release|Any CPU.Build.0 = Release|Any CPU
		{D11A5174-DFB6-4546-858D-85C9DF42EB45}.Debug|Any CPU.ActiveCfg = Debug|Any CPU
		{D11A5174-DFB6-4546-858D-85C9DF42EB45}.Debug|Any CPU.Build.0 = Debug|Any CPU
		{D11A5174-DFB6-4546-858D-85C9DF42EB45}.Release|Any CPU.ActiveCfg = Release|Any CPU
		{D11A5174-DFB6-4546-858D-85C9DF42EB45}.Release|Any CPU.Build.0 = Release|Any CPU
	EndGlobalSection
	GlobalSection(SolutionProperties) = preSolution
		HideSolutionNode = FALSE
	EndGlobalSection
	GlobalSection(ExtensibilityGlobals) = postSolution
		SolutionGuid = {E490CB44-D70E-4DBE-A69D-C90B0F787764}
	EndGlobalSection
EndGlobal
